
Microsoft Visual Studio Solution File, Format Version 12.00
# Visual Studio Version 17
VisualStudioVersion = 17.6.33815.320
MinimumVisualStudioVersion = 10.0.40219.1
Project("{FAE04EC0-301F-11D3-BF4B-00C04F79EFBC}") = "Zamiux.Web", "Zamiux.Web\Zamiux.Web.csproj", "{283CADE8-4F1C-455E-BBAC-D508E9BD3036}"
EndProject
Global
	GlobalSection(SolutionConfigurationPlatforms) = preSolution
		Debug|Any CPU = Debug|Any CPU
		Release|Any CPU = Release|Any CPU
	EndGlobalSection
	GlobalSection(ProjectConfigurationPlatforms) = postSolution
		{283CADE8-4F1C-455E-BBAC-D508E9BD3036}.Debug|Any CPU.ActiveCfg = Debug|Any CPU
		{283CADE8-4F1C-455E-BBAC-D508E9BD3036}.Debug|Any CPU.Build.0 = Debug|Any CPU
		{283CADE8-4F1C-455E-BBAC-D508E9BD3036}.Release|Any CPU.ActiveCfg = Release|Any CPU
		{283CADE8-4F1C-455E-BBAC-D508E9BD3036}.Release|Any CPU.Build.0 = Release|Any CPU
	EndGlobalSection
	GlobalSection(SolutionProperties) = preSolution
		HideSolutionNode = FALSE
	EndGlobalSection
	GlobalSection(ExtensibilityGlobals) = postSolution
		SolutionGuid = {788794FA-1A13-403F-8CD4-1CC425A4B807}
	EndGlobalSection
EndGlobal
